// !$*UTF8*$!
{
	archiveVersion = 1;
	classes = {
	};
	objectVersion = 46;
	objects = {

/* Begin PBXBuildFile section */
		631392271AE1995400CC9C93 /* FindFilesByTag.h in Headers */ = {isa = PBXBuildFile; fileRef = 631392261AE1995400CC9C93 /* FindFilesByTag.h */; settings = {ATTRIBUTES = (Public, ); }; };
		6313922D1AE1995400CC9C93 /* FindFilesByTag.framework in Frameworks */ = {isa = PBXBuildFile; fileRef = 631392211AE1995400CC9C93 /* FindFilesByTag.framework */; };
		631392341AE1995400CC9C93 /* FindFilesByTagTests.m in Sources */ = {isa = PBXBuildFile; fileRef = 631392331AE1995400CC9C93 /* FindFilesByTagTests.m */; };
		631392401AE19A3800CC9C93 /* FindFilesByTag.m in Sources */ = {isa = PBXBuildFile; fileRef = 6313923F1AE19A3800CC9C93 /* FindFilesByTag.m */; };
/* End PBXBuildFile section */

/* Begin PBXContainerItemProxy section */
		6313922E1AE1995400CC9C93 /* PBXContainerItemProxy */ = {
			isa = PBXContainerItemProxy;
			containerPortal = 631392181AE1995400CC9C93 /* Project object */;
			proxyType = 1;
			remoteGlobalIDString = 631392201AE1995400CC9C93;
			remoteInfo = FindFilesByTag;
		};
/* End PBXContainerItemProxy section */

/* Begin PBXFileReference section */
		631392211AE1995400CC9C93 /* FindFilesByTag.framework */ = {isa = PBXFileReference; explicitFileType = wrapper.framework; includeInIndex = 0; path = FindFilesByTag.framework; sourceTree = BUILT_PRODUCTS_DIR; };
		631392251AE1995400CC9C93 /* Info.plist */ = {isa = PBXFileReference; lastKnownFileType = text.plist.xml; path = Info.plist; sourceTree = "<group>"; };
		631392261AE1995400CC9C93 /* FindFilesByTag.h */ = {isa = PBXFileReference; lastKnownFileType = sourcecode.c.h; path = FindFilesByTag.h; sourceTree = "<group>"; };
		6313922C1AE1995400CC9C93 /* FindFilesByTagTests.xctest */ = {isa = PBXFileReference; explicitFileType = wrapper.cfbundle; includeInIndex = 0; path = FindFilesByTagTests.xctest; sourceTree = BUILT_PRODUCTS_DIR; };
		631392321AE1995400CC9C93 /* Info.plist */ = {isa = PBXFileReference; lastKnownFileType = text.plist.xml; path = Info.plist; sourceTree = "<group>"; };
		631392331AE1995400CC9C93 /* FindFilesByTagTests.m */ = {isa = PBXFileReference; lastKnownFileType = sourcecode.c.objc; path = FindFilesByTagTests.m; sourceTree = "<group>"; };
		6313923F1AE19A3800CC9C93 /* FindFilesByTag.m */ = {isa = PBXFileReference; fileEncoding = 4; lastKnownFileType = sourcecode.c.objc; path = FindFilesByTag.m; sourceTree = "<group>"; };
/* End PBXFileReference section */

/* Begin PBXFrameworksBuildPhase section */
		6313921D1AE1995400CC9C93 /* Frameworks */ = {
			isa = PBXFrameworksBuildPhase;
			buildActionMask = 2147483647;
			files = (
			);
			runOnlyForDeploymentPostprocessing = 0;
		};
		631392291AE1995400CC9C93 /* Frameworks */ = {
			isa = PBXFrameworksBuildPhase;
			buildActionMask = 2147483647;
			files = (
				6313922D1AE1995400CC9C93 /* FindFilesByTag.framework in Frameworks */,
			);
			runOnlyForDeploymentPostprocessing = 0;
		};
/* End PBXFrameworksBuildPhase section */

/* Begin PBXGroup section */
		631392171AE1995400CC9C93 = {
			isa = PBXGroup;
			children = (
				631392231AE1995400CC9C93 /* FindFilesByTag */,
				631392301AE1995400CC9C93 /* FindFilesByTagTests */,
				631392221AE1995400CC9C93 /* Products */,
			);
			sourceTree = "<group>";
		};
		631392221AE1995400CC9C93 /* Products */ = {
			isa = PBXGroup;
			children = (
				631392211AE1995400CC9C93 /* FindFilesByTag.framework */,
				6313922C1AE1995400CC9C93 /* FindFilesByTagTests.xctest */,
			);
			name = Products;
			sourceTree = "<group>";
		};
		631392231AE1995400CC9C93 /* FindFilesByTag */ = {
			isa = PBXGroup;
			children = (
				631392261AE1995400CC9C93 /* FindFilesByTag.h */,
				6313923F1AE19A3800CC9C93 /* FindFilesByTag.m */,
				631392241AE1995400CC9C93 /* Supporting Files */,
			);
			path = FindFilesByTag;
			sourceTree = "<group>";
		};
		631392241AE1995400CC9C93 /* Supporting Files */ = {
			isa = PBXGroup;
			children = (
				631392251AE1995400CC9C93 /* Info.plist */,
			);
			name = "Supporting Files";
			sourceTree = "<group>";
		};
		631392301AE1995400CC9C93 /* FindFilesByTagTests */ = {
			isa = PBXGroup;
			children = (
				631392331AE1995400CC9C93 /* FindFilesByTagTests.m */,
				631392311AE1995400CC9C93 /* Supporting Files */,
			);
			path = FindFilesByTagTests;
			sourceTree = "<group>";
		};
		631392311AE1995400CC9C93 /* Supporting Files */ = {
			isa = PBXGroup;
			children = (
				631392321AE1995400CC9C93 /* Info.plist */,
			);
			name = "Supporting Files";
			sourceTree = "<group>";
		};
/* End PBXGroup section */

/* Begin PBXHeadersBuildPhase section */
		6313921E1AE1995400CC9C93 /* Headers */ = {
			isa = PBXHeadersBuildPhase;
			buildActionMask = 2147483647;
			files = (
				631392271AE1995400CC9C93 /* FindFilesByTag.h in Headers */,
			);
			runOnlyForDeploymentPostprocessing = 0;
		};
/* End PBXHeadersBuildPhase section */

/* Begin PBXNativeTarget section */
		631392201AE1995400CC9C93 /* FindFilesByTag */ = {
			isa = PBXNativeTarget;
			buildConfigurationList = 631392371AE1995400CC9C93 /* Build configuration list for PBXNativeTarget "FindFilesByTag" */;
			buildPhases = (
				6313921C1AE1995400CC9C93 /* Sources */,
				6313921D1AE1995400CC9C93 /* Frameworks */,
				6313921E1AE1995400CC9C93 /* Headers */,
				6313921F1AE1995400CC9C93 /* Resources */,
			);
			buildRules = (
			);
			dependencies = (
			);
			name = FindFilesByTag;
			productName = FindFilesByTag;
			productReference = 631392211AE1995400CC9C93 /* FindFilesByTag.framework */;
			productType = "com.apple.product-type.framework";
		};
		6313922B1AE1995400CC9C93 /* FindFilesByTagTests */ = {
			isa = PBXNativeTarget;
			buildConfigurationList = 6313923A1AE1995400CC9C93 /* Build configuration list for PBXNativeTarget "FindFilesByTagTests" */;
			buildPhases = (
				631392281AE1995400CC9C93 /* Sources */,
				631392291AE1995400CC9C93 /* Frameworks */,
				6313922A1AE1995400CC9C93 /* Resources */,
			);
			buildRules = (
			);
			dependencies = (
				6313922F1AE1995400CC9C93 /* PBXTargetDependency */,
			);
			name = FindFilesByTagTests;
			productName = FindFilesByTagTests;
			productReference = 6313922C1AE1995400CC9C93 /* FindFilesByTagTests.xctest */;
			productType = "com.apple.product-type.bundle.unit-test";
		};
/* End PBXNativeTarget section */

/* Begin PBXProject section */
		631392181AE1995400CC9C93 /* Project object */ = {
			isa = PBXProject;
			attributes = {
				LastUpgradeCheck = 0630;
				ORGANIZATIONNAME = "7 September Digital";
				TargetAttributes = {
					631392201AE1995400CC9C93 = {
						CreatedOnToolsVersion = 6.3;
					};
					6313922B1AE1995400CC9C93 = {
						CreatedOnToolsVersion = 6.3;
					};
				};
			};
			buildConfigurationList = 6313921B1AE1995400CC9C93 /* Build configuration list for PBXProject "FindFilesByTag" */;
			compatibilityVersion = "Xcode 3.2";
			developmentRegion = English;
			hasScannedForEncodings = 0;
			knownRegions = (
				en,
			);
			mainGroup = 631392171AE1995400CC9C93;
			productRefGroup = 631392221AE1995400CC9C93 /* Products */;
			projectDirPath = "";
			projectRoot = "";
			targets = (
				631392201AE1995400CC9C93 /* FindFilesByTag */,
				6313922B1AE1995400CC9C93 /* FindFilesByTagTests */,
			);
		};
/* End PBXProject section */

/* Begin PBXResourcesBuildPhase section */
		6313921F1AE1995400CC9C93 /* Resources */ = {
			isa = PBXResourcesBuildPhase;
			buildActionMask = 2147483647;
			files = (
			);
			runOnlyForDeploymentPostprocessing = 0;
		};
		6313922A1AE1995400CC9C93 /* Resources */ = {
			isa = PBXResourcesBuildPhase;
			buildActionMask = 2147483647;
			files = (
			);
			runOnlyForDeploymentPostprocessing = 0;
		};
/* End PBXResourcesBuildPhase section */

/* Begin PBXSourcesBuildPhase section */
		6313921C1AE1995400CC9C93 /* Sources */ = {
			isa = PBXSourcesBuildPhase;
			buildActionMask = 2147483647;
			files = (
				631392401AE19A3800CC9C93 /* FindFilesByTag.m in Sources */,
			);
			runOnlyForDeploymentPostprocessing = 0;
		};
		631392281AE1995400CC9C93 /* Sources */ = {
			isa = PBXSourcesBuildPhase;
			buildActionMask = 2147483647;
			files = (
				631392341AE1995400CC9C93 /* FindFilesByTagTests.m in Sources */,
			);
			runOnlyForDeploymentPostprocessing = 0;
		};
/* End PBXSourcesBuildPhase section */

/* Begin PBXTargetDependency section */
		6313922F1AE1995400CC9C93 /* PBXTargetDependency */ = {
			isa = PBXTargetDependency;
			target = 631392201AE1995400CC9C93 /* FindFilesByTag */;
			targetProxy = 6313922E1AE1995400CC9C93 /* PBXContainerItemProxy */;
		};
/* End PBXTargetDependency section */

/* Begin XCBuildConfiguration section */
		631392351AE1995400CC9C93 /* Debug */ = {
			isa = XCBuildConfiguration;
			buildSettings = {
				ALWAYS_SEARCH_USER_PATHS = NO;
				CLANG_CXX_LANGUAGE_STANDARD = "gnu++0x";
				CLANG_CXX_LIBRARY = "libc++";
				CLANG_ENABLE_MODULES = YES;
				CLANG_ENABLE_OBJC_ARC = YES;
				CLANG_WARN_BOOL_CONVERSION = YES;
				CLANG_WARN_CONSTANT_CONVERSION = YES;
				CLANG_WARN_DIRECT_OBJC_ISA_USAGE = YES_ERROR;
				CLANG_WARN_EMPTY_BODY = YES;
				CLANG_WARN_ENUM_CONVERSION = YES;
				CLANG_WARN_INT_CONVERSION = YES;
				CLANG_WARN_OBJC_ROOT_CLASS = YES_ERROR;
				CLANG_WARN_UNREACHABLE_CODE = YES;
				CLANG_WARN__DUPLICATE_METHOD_MATCH = YES;
				COPY_PHASE_STRIP = NO;
				CURRENT_PROJECT_VERSION = 1;
				DEBUG_INFORMATION_FORMAT = dwarf;
				ENABLE_STRICT_OBJC_MSGSEND = YES;
				GCC_C_LANGUAGE_STANDARD = gnu99;
				GCC_DYNAMIC_NO_PIC = NO;
				GCC_NO_COMMON_BLOCKS = YES;
				GCC_OPTIMIZATION_LEVEL = 0;
				GCC_PREPROCESSOR_DEFINITIONS = (
					"DEBUG=1",
					"$(inherited)",
				);
				GCC_SYMBOLS_PRIVATE_EXTERN = NO;
				GCC_WARN_64_TO_32_BIT_CONVERSION = YES;
				GCC_WARN_ABOUT_RETURN_TYPE = YES_ERROR;
				GCC_WARN_UNDECLARED_SELECTOR = YES;
				GCC_WARN_UNINITIALIZED_AUTOS = YES_AGGRESSIVE;
				GCC_WARN_UNUSED_FUNCTION = YES;
				GCC_WARN_UNUSED_VARIABLE = YES;
				MACOSX_DEPLOYMENT_TARGET = 10.10;
				MTL_ENABLE_DEBUG_INFO = YES;
				ONLY_ACTIVE_ARCH = YES;
				SDKROOT = macosx;
				VERSIONING_SYSTEM = "apple-generic";
				VERSION_INFO_PREFIX = "";
			};
			name = Debug;
		};
		631392361AE1995400CC9C93 /* Release */ = {
			isa = XCBuildConfiguration;
			buildSettings = {
				ALWAYS_SEARCH_USER_PATHS = NO;
				CLANG_CXX_LANGUAGE_STANDARD = "gnu++0x";
				CLANG_CXX_LIBRARY = "libc++";
				CLANG_ENABLE_MODULES = YES;
				CLANG_ENABLE_OBJC_ARC = YES;
				CLANG_WARN_BOOL_CONVERSION = YES;
				CLANG_WARN_CONSTANT_CONVERSION = YES;
				CLANG_WARN_DIRECT_OBJC_ISA_USAGE = YES_ERROR;
				CLANG_WARN_EMPTY_BODY = YES;
				CLANG_WARN_ENUM_CONVERSION = YES;
				CLANG_WARN_INT_CONVERSION = YES;
				CLANG_WARN_OBJC_ROOT_CLASS = YES_ERROR;
				CLANG_WARN_UNREACHABLE_CODE = YES;
				CLANG_WARN__DUPLICATE_METHOD_MATCH = YES;
				COPY_PHASE_STRIP = NO;
				CURRENT_PROJECT_VERSION = 1;
				DEBUG_INFORMATION_FORMAT = "dwarf-with-dsym";
				ENABLE_NS_ASSERTIONS = NO;
				ENABLE_STRICT_OBJC_MSGSEND = YES;
				GCC_C_LANGUAGE_STANDARD = gnu99;
				GCC_NO_COMMON_BLOCKS = YES;
				GCC_WARN_64_TO_32_BIT_CONVERSION = YES;
				GCC_WARN_ABOUT_RETURN_TYPE = YES_ERROR;
				GCC_WARN_UNDECLARED_SELECTOR = YES;
				GCC_WARN_UNINITIALIZED_AUTOS = YES_AGGRESSIVE;
				GCC_WARN_UNUSED_FUNCTION = YES;
				GCC_WARN_UNUSED_VARIABLE = YES;
				MACOSX_DEPLOYMENT_TARGET = 10.10;
				MTL_ENABLE_DEBUG_INFO = NO;
				SDKROOT = macosx;
				VERSIONING_SYSTEM = "apple-generic";
				VERSION_INFO_PREFIX = "";
			};
			name = Release;
		};
		631392381AE1995400CC9C93 /* Debug */ = {
			isa = XCBuildConfiguration;
			buildSettings = {
				COMBINE_HIDPI_IMAGES = YES;
				DEFINES_MODULE = YES;
				DYLIB_COMPATIBILITY_VERSION = 1;
				DYLIB_CURRENT_VERSION = 1;
				DYLIB_INSTALL_NAME_BASE = "@rpath";
				FRAMEWORK_VERSION = A;
				INFOPLIST_FILE = FindFilesByTag/Info.plist;
				INSTALL_PATH = "$(LOCAL_LIBRARY_DIR)/Frameworks";
				LD_RUNPATH_SEARCH_PATHS = "$(inherited) @executable_path/../Frameworks @loader_path/Frameworks";
				PRODUCT_NAME = "$(TARGET_NAME)";
				SKIP_INSTALL = YES;
			};
			name = Debug;
		};
		631392391AE1995400CC9C93 /* Release */ = {
			isa = XCBuildConfiguration;
			buildSettings = {
				COMBINE_HIDPI_IMAGES = YES;
				DEFINES_MODULE = YES;
				DYLIB_COMPATIBILITY_VERSION = 1;
				DYLIB_CURRENT_VERSION = 1;
				DYLIB_INSTALL_NAME_BASE = "@rpath";
				FRAMEWORK_VERSION = A;
				INFOPLIST_FILE = FindFilesByTag/Info.plist;
				INSTALL_PATH = "$(LOCAL_LIBRARY_DIR)/Frameworks";
				LD_RUNPATH_SEARCH_PATHS = "$(inherited) @executable_path/../Frameworks @loader_path/Frameworks";
				PRODUCT_NAME = "$(TARGET_NAME)";
				SKIP_INSTALL = YES;
			};
			name = Release;
		};
		6313923B1AE1995400CC9C93 /* Debug */ = {
			isa = XCBuildConfiguration;
			buildSettings = {
				COMBINE_HIDPI_IMAGES = YES;
				FRAMEWORK_SEARCH_PATHS = (
					"$(DEVELOPER_FRAMEWORKS_DIR)",
					"$(inherited)",
				);
				GCC_PREPROCESSOR_DEFINITIONS = (
					"DEBUG=1",
					"$(inherited)",
				);
				INFOPLIST_FILE = FindFilesByTagTests/Info.plist;
				LD_RUNPATH_SEARCH_PATHS = "$(inherited) @executable_path/../Frameworks @loader_path/../Frameworks";
				PRODUCT_NAME = "$(TARGET_NAME)";
			};
			name = Debug;
		};
		6313923C1AE1995400CC9C93 /* Release */ = {
			isa = XCBuildConfiguration;
			buildSettings = {
				COMBINE_HIDPI_IMAGES = YES;
				FRAMEWORK_SEARCH_PATHS = (
					"$(DEVELOPER_FRAMEWORKS_DIR)",
					"$(inherited)",
				);
				INFOPLIST_FILE = FindFilesByTagTests/Info.plist;
				LD_RUNPATH_SEARCH_PATHS = "$(inherited) @executable_path/../Frameworks @loader_path/../Frameworks";
				PRODUCT_NAME = "$(TARGET_NAME)";
			};
			name = Release;
		};
/* End XCBuildConfiguration section */

/* Begin XCConfigurationList section */
		6313921B1AE1995400CC9C93 /* Build configuration list for PBXProject "FindFilesByTag" */ = {
			isa = XCConfigurationList;
			buildConfigurations = (
				631392351AE1995400CC9C93 /* Debug */,
				631392361AE1995400CC9C93 /* Release */,
			);
			defaultConfigurationIsVisible = 0;
			defaultConfigurationName = Release;
		};
		631392371AE1995400CC9C93 /* Build configuration list for PBXNativeTarget "FindFilesByTag" */ = {
			isa = XCConfigurationList;
			buildConfigurations = (
				631392381AE1995400CC9C93 /* Debug */,
				631392391AE1995400CC9C93 /* Release */,
			);
			defaultConfigurationIsVisible = 0;
		};
		6313923A1AE1995400CC9C93 /* Build configuration list for PBXNativeTarget "FindFilesByTagTests" */ = {
			isa = XCConfigurationList;
			buildConfigurations = (
				6313923B1AE1995400CC9C93 /* Debug */,
				6313923C1AE1995400CC9C93 /* Release */,
			);
			defaultConfigurationIsVisible = 0;
		};
/* End XCConfigurationList section */
	};
	rootObject = 631392181AE1995400CC9C93 /* Project object */;
}
